{
  "name": "pdd-bot",
  "version": "1.0.0",
  "lockfileVersion": 3,
  "requires": true,
  "packages": {
    "": {
      "name": "pdd-bot",
      "version": "1.0.0",
      "dependencies": {
        "@maxhub/max-bot-api": "^1.0.0"
      }
    },
    "node_modules/@maxhub/max-bot-api": {
      "version": "1.0.0",
      "resolved": "https://registry.npmjs.org/@maxhub/max-bot-api/-/max-bot-api-1.0.0.tgz",
      "integrity": "sha512-xxxxx",
      "license": "MIT"
    }
  }
}
