{
  "name": "pdd-quest-bot",
  "version": "1.0.0",
  "lockfileVersion": 3,
  "requires": true,
  "packages": {
    "": {
      "name": "pdd-quest-bot",
      "version": "1.0.0",
      "dependencies": {
        "@max.messenger/bot-api": "^1.0.0"
      }
    },
    "node_modules/@max.messenger/bot-api": {
      "version": "1.0.0",
      "resolved": "https://registry.npmjs.org/@max.messenger/bot-api/-/bot-api-1.0.0.tgz",
      "integrity": "sha512-abc123XYZ456example",
      "license": "MIT"
    }
  }
}
